
Microsoft Visual Studio Solution File, Format Version 12.00
# Visual Studio 15
VisualStudioVersion = 15.0.27428.2043
MinimumVisualStudioVersion = 10.0.40219.1
Project("{9A19103F-16F7-4668-BE54-9A1E7A4F7556}") = "RomanNumeralConverter", "RomanNumeralConverter\RomanNumeralConverter.csproj", "{4B4271C0-D782-4297-9D87-0B537FFB8390}"
EndProject
Project("{FAE04EC0-301F-11D3-BF4B-00C04F79EFBC}") = "RomanNumeralTesting", "RomanNumeralTesting\RomanNumeralTesting.csproj", "{C70A0346-DFFA-48A1-9D9F-F4D009E41304}"
EndProject
Global
	GlobalSection(SolutionConfigurationPlatforms) = preSolution
		Debug|Any CPU = Debug|Any CPU
		Release|Any CPU = Release|Any CPU
	EndGlobalSection
	GlobalSection(ProjectConfigurationPlatforms) = postSolution
		{4B4271C0-D782-4297-9D87-0B537FFB8390}.Debug|Any CPU.ActiveCfg = Debug|Any CPU
		{4B4271C0-D782-4297-9D87-0B537FFB8390}.Debug|Any CPU.Build.0 = Debug|Any CPU
		{4B4271C0-D782-4297-9D87-0B537FFB8390}.Release|Any CPU.ActiveCfg = Release|Any CPU
		{4B4271C0-D782-4297-9D87-0B537FFB8390}.Release|Any CPU.Build.0 = Release|Any CPU
		{C70A0346-DFFA-48A1-9D9F-F4D009E41304}.Debug|Any CPU.ActiveCfg = Debug|Any CPU
		{C70A0346-DFFA-48A1-9D9F-F4D009E41304}.Debug|Any CPU.Build.0 = Debug|Any CPU
		{C70A0346-DFFA-48A1-9D9F-F4D009E41304}.Release|Any CPU.ActiveCfg = Release|Any CPU
		{C70A0346-DFFA-48A1-9D9F-F4D009E41304}.Release|Any CPU.Build.0 = Release|Any CPU
	EndGlobalSection
	GlobalSection(SolutionProperties) = preSolution
		HideSolutionNode = FALSE
	EndGlobalSection
	GlobalSection(ExtensibilityGlobals) = postSolution
		SolutionGuid = {92E6957B-5F61-481D-86F6-9B16235CC069}
	EndGlobalSection
EndGlobal
